
Microsoft Visual Studio Solution File, Format Version 12.00
# Visual Studio Version 17
VisualStudioVersion = 17.3.32922.545
MinimumVisualStudioVersion = 10.0.40219.1
Project("{8BC9CEB8-8B4A-11D0-8D11-00A0C91BC942}") = "Range", "Range\Range.vcxproj", "{4F088988-D47B-48FB-AD06-E78B52455F15}"
EndProject
Project("{FAE04EC0-301F-11D3-BF4B-00C04F79EFBC}") = "FindIfCsharp", "FindIfCsharp\FindIfCsharp.csproj", "{1CBD898A-0089-480D-B4D2-F406DC4DBD41}"
EndProject
Global
	GlobalSection(SolutionConfigurationPlatforms) = preSolution
		Debug|Any CPU = Debug|Any CPU
		Debug|x64 = Debug|x64
		Debug|x86 = Debug|x86
		Release|Any CPU = Release|Any CPU
		Release|x64 = Release|x64
		Release|x86 = Release|x86
	EndGlobalSection
	GlobalSection(ProjectConfigurationPlatforms) = postSolution
		{4F088988-D47B-48FB-AD06-E78B52455F15}.Debug|Any CPU.ActiveCfg = Debug|x64
		{4F088988-D47B-48FB-AD06-E78B52455F15}.Debug|Any CPU.Build.0 = Debug|x64
		{4F088988-D47B-48FB-AD06-E78B52455F15}.Debug|x64.ActiveCfg = Debug|x64
		{4F088988-D47B-48FB-AD06-E78B52455F15}.Debug|x64.Build.0 = Debug|x64
		{4F088988-D47B-48FB-AD06-E78B52455F15}.Debug|x86.ActiveCfg = Debug|Win32
		{4F088988-D47B-48FB-AD06-E78B52455F15}.Debug|x86.Build.0 = Debug|Win32
		{4F088988-D47B-48FB-AD06-E78B52455F15}.Release|Any CPU.ActiveCfg = Release|x64
		{4F088988-D47B-48FB-AD06-E78B52455F15}.Release|Any CPU.Build.0 = Release|x64
		{4F088988-D47B-48FB-AD06-E78B52455F15}.Release|x64.ActiveCfg = Release|x64
		{4F088988-D47B-48FB-AD06-E78B52455F15}.Release|x64.Build.0 = Release|x64
		{4F088988-D47B-48FB-AD06-E78B52455F15}.Release|x86.ActiveCfg = Release|Win32
		{4F088988-D47B-48FB-AD06-E78B52455F15}.Release|x86.Build.0 = Release|Win32
		{1CBD898A-0089-480D-B4D2-F406DC4DBD41}.Debug|Any CPU.ActiveCfg = Debug|Any CPU
		{1CBD898A-0089-480D-B4D2-F406DC4DBD41}.Debug|Any CPU.Build.0 = Debug|Any CPU
		{1CBD898A-0089-480D-B4D2-F406DC4DBD41}.Debug|x64.ActiveCfg = Debug|Any CPU
		{1CBD898A-0089-480D-B4D2-F406DC4DBD41}.Debug|x64.Build.0 = Debug|Any CPU
		{1CBD898A-0089-480D-B4D2-F406DC4DBD41}.Debug|x86.ActiveCfg = Debug|Any CPU
		{1CBD898A-0089-480D-B4D2-F406DC4DBD41}.Debug|x86.Build.0 = Debug|Any CPU
		{1CBD898A-0089-480D-B4D2-F406DC4DBD41}.Release|Any CPU.ActiveCfg = Release|Any CPU
		{1CBD898A-0089-480D-B4D2-F406DC4DBD41}.Release|Any CPU.Build.0 = Release|Any CPU
		{1CBD898A-0089-480D-B4D2-F406DC4DBD41}.Release|x64.ActiveCfg = Release|Any CPU
		{1CBD898A-0089-480D-B4D2-F406DC4DBD41}.Release|x64.Build.0 = Release|Any CPU
		{1CBD898A-0089-480D-B4D2-F406DC4DBD41}.Release|x86.ActiveCfg = Release|Any CPU
		{1CBD898A-0089-480D-B4D2-F406DC4DBD41}.Release|x86.Build.0 = Release|Any CPU
	EndGlobalSection
	GlobalSection(SolutionProperties) = preSolution
		HideSolutionNode = FALSE
	EndGlobalSection
	GlobalSection(ExtensibilityGlobals) = postSolution
		SolutionGuid = {7B2652D0-6CC1-475C-B956-B425B091E7B0}
	EndGlobalSection
EndGlobal
